
Microsoft Visual Studio Solution File, Format Version 12.00
# Visual Studio Version 17
VisualStudioVersion = 17.1.32228.430
MinimumVisualStudioVersion = 10.0.40219.1
Project("{FAE04EC0-301F-11D3-BF4B-00C04F79EFBC}") = "MoviesApplication", "MoviesApplication\MoviesApplication.csproj", "{63BC4C60-B936-4BCF-871F-5B664DD90BCE}"
EndProject
Global
	GlobalSection(SolutionConfigurationPlatforms) = preSolution
		Debug|Any CPU = Debug|Any CPU
		Release|Any CPU = Release|Any CPU
	EndGlobalSection
	GlobalSection(ProjectConfigurationPlatforms) = postSolution
		{63BC4C60-B936-4BCF-871F-5B664DD90BCE}.Debug|Any CPU.ActiveCfg = Debug|Any CPU
		{63BC4C60-B936-4BCF-871F-5B664DD90BCE}.Debug|Any CPU.Build.0 = Debug|Any CPU
		{63BC4C60-B936-4BCF-871F-5B664DD90BCE}.Release|Any CPU.ActiveCfg = Release|Any CPU
		{63BC4C60-B936-4BCF-871F-5B664DD90BCE}.Release|Any CPU.Build.0 = Release|Any CPU
	EndGlobalSection
	GlobalSection(SolutionProperties) = preSolution
		HideSolutionNode = FALSE
	EndGlobalSection
	GlobalSection(ExtensibilityGlobals) = postSolution
		SolutionGuid = {47924B47-6899-402C-9DAB-77DDCEC70067}
	EndGlobalSection
EndGlobal
